
Microsoft Visual Studio Solution File, Format Version 12.00
# Visual Studio Version 16
VisualStudioVersion = 16.0.30717.126
MinimumVisualStudioVersion = 10.0.40219.1
Project("{FAE04EC0-301F-11D3-BF4B-00C04F79EFBC}") = "NotepadTest", "NotepadTest.csproj", "{54E36D90-BFBB-4F1A-945D-B7646F3AF88A}"
EndProject
Global
	GlobalSection(SolutionConfigurationPlatforms) = preSolution
		Debug|Any CPU = Debug|Any CPU
		Debug|x64 = Debug|x64
		Release|Any CPU = Release|Any CPU
		Release|x64 = Release|x64
	EndGlobalSection
	GlobalSection(ProjectConfigurationPlatforms) = postSolution
		{54E36D90-BFBB-4F1A-945D-B7646F3AF88A}.Debug|Any CPU.ActiveCfg = Debug|Any CPU
		{54E36D90-BFBB-4F1A-945D-B7646F3AF88A}.Debug|Any CPU.Build.0 = Debug|Any CPU
		{54E36D90-BFBB-4F1A-945D-B7646F3AF88A}.Debug|x64.ActiveCfg = Debug|x64
		{54E36D90-BFBB-4F1A-945D-B7646F3AF88A}.Debug|x64.Build.0 = Debug|x64
		{54E36D90-BFBB-4F1A-945D-B7646F3AF88A}.Release|Any CPU.ActiveCfg = Release|Any CPU
		{54E36D90-BFBB-4F1A-945D-B7646F3AF88A}.Release|Any CPU.Build.0 = Release|Any CPU
		{54E36D90-BFBB-4F1A-945D-B7646F3AF88A}.Release|x64.ActiveCfg = Release|x64
		{54E36D90-BFBB-4F1A-945D-B7646F3AF88A}.Release|x64.Build.0 = Release|x64
	EndGlobalSection
	GlobalSection(SolutionProperties) = preSolution
		HideSolutionNode = FALSE
	EndGlobalSection
	GlobalSection(ExtensibilityGlobals) = postSolution
		SolutionGuid = {676D34DB-3D3E-458F-8268-11BA871DB98C}
	EndGlobalSection
EndGlobal
